
Microsoft Visual Studio Solution File, Format Version 12.00
# Visual Studio Version 17
VisualStudioVersion = 17.4.33213.308
MinimumVisualStudioVersion = 10.0.40219.1
Project("{FAE04EC0-301F-11D3-BF4B-00C04F79EFBC}") = "Algorithm", "Algorithm\Algorithm.csproj", "{B979A6A2-0759-4782-8515-37EA06A7E2C6}"
EndProject
Global
	GlobalSection(SolutionConfigurationPlatforms) = preSolution
		Debug|Any CPU = Debug|Any CPU
		Release|Any CPU = Release|Any CPU
	EndGlobalSection
	GlobalSection(ProjectConfigurationPlatforms) = postSolution
		{B979A6A2-0759-4782-8515-37EA06A7E2C6}.Debug|Any CPU.ActiveCfg = Debug|Any CPU
		{B979A6A2-0759-4782-8515-37EA06A7E2C6}.Debug|Any CPU.Build.0 = Debug|Any CPU
		{B979A6A2-0759-4782-8515-37EA06A7E2C6}.Release|Any CPU.ActiveCfg = Release|Any CPU
		{B979A6A2-0759-4782-8515-37EA06A7E2C6}.Release|Any CPU.Build.0 = Release|Any CPU
	EndGlobalSection
	GlobalSection(SolutionProperties) = preSolution
		HideSolutionNode = FALSE
	EndGlobalSection
	GlobalSection(ExtensibilityGlobals) = postSolution
		SolutionGuid = {56E131C2-851A-4654-8396-01C56F2630C9}
	EndGlobalSection
EndGlobal
